lockfileVersion: 5.4

specifiers:
  '@tauri-apps/api': ^1.2.0
  '@tauri-apps/cli': ^1.2.2
  '@types/node': ^18.7.10
  '@unocss/core': ^0.50.7
  '@unocss/preset-uno': ^0.50.7
  solid-js: ^1.7.0
  typescript: ^4.9.5
  unocss: ^0.50.7
  vite: ^4.2.1
  vite-plugin-solid: ^2.5.0

dependencies:
  '@tauri-apps/api': 1.2.0
  solid-js: 1.7.3

devDependencies:
  '@tauri-apps/cli': 1.2.3
  '@types/node': 18.15.11
  '@unocss/core': 0.50.7
  '@unocss/preset-uno': 0.50.7
  typescript: 4.9.5
  unocss: 0.50.7_vite@4.2.1
  vite: 4.2.1_@types+node@18.15.11
  vite-plugin-solid: 2.7.0_solid-js@1.7.3+vite@4.2.1

packages:

  /@ampproject/remapping/2.2.1:
    resolution: {integrity: sha1-mejhGFESi4cCzVfDNoTx0PJgtjA=}
    engines: {node: '>=6.0.0'}
    dependencies:
      '@jridgewell/gen-mapping': 0.3.3
      '@jridgewell/trace-mapping': 0.3.18
    dev: true

  /@antfu/install-pkg/0.1.1:
    resolution: {integrity: sha1-FXuwTw3oEAueTAFzTbGmx36Yu7U=}
    dependencies:
      execa: 5.1.1
      find-up: 5.0.0
    dev: true

  /@antfu/utils/0.5.2:
    resolution: {integrity: sha1-jC2TH/knvg6+dAFph0o9QASrQUs=}
    dev: true

  /@antfu/utils/0.7.2:
    resolution: {integrity: sha1-O7bzemsYgFb+ni82O2qnNe1l18o=}
    dev: true

  /@babel/code-frame/7.21.4:
    resolution: {integrity: sha1-0PqeRBOsqB8rI7lEJ5e9oYJu2zk=}
    engines: {node: '>=6.9.0'}
    dependencies:
      '@babel/highlight': 7.18.6
    dev: true

  /@babel/compat-data/7.21.4:
    resolution: {integrity: sha1-RX/+ZHxIDf9Zwr4JL8Os9xGVyH8=}
    engines: {node: '>=6.9.0'}
    dev: true

  /@babel/core/7.21.4:
    resolution: {integrity: sha1-xtxzJCUHuOKif9E6nBgU+fo0plk=}
    engines: {node: '>=6.9.0'}
    dependencies:
      '@ampproject/remapping': 2.2.1
      '@babel/code-frame': 7.21.4
      '@babel/generator': 7.21.4
      '@babel/helper-compilation-targets': 7.21.4_@babel+core@7.21.4
      '@babel/helper-module-transforms': 7.21.2
      '@babel/helpers': 7.21.0
      '@babel/parser': 7.21.4
      '@babel/template': 7.20.7
      '@babel/traverse': 7.21.4
      '@babel/types': 7.21.4
      convert-source-map: 1.9.0
      debug: 4.3.4
      gensync: 1.0.0-beta.2
      json5: 2.2.3
      semver: 6.3.0
    transitivePeerDependencies:
      - supports-color
    dev: true

  /@babel/generator/7.21.4:
    resolution: {integrity: sha1-ZKlLdEiYn0IfkZ1SOe9VOze7Jrw=}
    engines: {node: '>=6.9.0'}
    dependencies:
      '@babel/types': 7.21.4
      '@jridgewell/gen-mapping': 0.3.3
      '@jridgewell/trace-mapping': 0.3.18
      jsesc: 2.5.2
    dev: true

  /@babel/helper-annotate-as-pure/7.18.6:
    resolution: {integrity: sha1-6qSfb4DVoz+aXdInbm1uRRvgprs=}
    engines: {node: '>=6.9.0'}
    dependencies:
      '@babel/types': 7.21.4
    dev: true

  /@babel/helper-compilation-targets/7.21.4_@babel+core@7.21.4:
    resolution: {integrity: sha1-dwzRzgiJCXzqy5lBjuaTTvBXJlY=}
    engines: {node: '>=6.9.0'}
    peerDependencies:
      '@babel/core': ^7.0.0
    dependencies:
      '@babel/compat-data': 7.21.4
      '@babel/core': 7.21.4
      '@babel/helper-validator-option': 7.21.0
      browserslist: 4.21.5
      lru-cache: 5.1.1
      semver: 6.3.0
    dev: true

  /@babel/helper-create-class-features-plugin/7.21.4_@babel+core@7.21.4:
    resolution: {integrity: sha1-OgFxY9w8K6feuaeVCEmpWG6iTBg=}
    engines: {node: '>=6.9.0'}
    peerDependencies:
      '@babel/core': ^7.0.0
    dependencies:
      '@babel/core': 7.21.4
      '@babel/helper-annotate-as-pure': 7.18.6
      '@babel/helper-environment-visitor': 7.18.9
      '@babel/helper-function-name': 7.21.0
      '@babel/helper-member-expression-to-functions': 7.21.0
      '@babel/helper-optimise-call-expression': 7.18.6
      '@babel/helper-replace-supers': 7.20.7
      '@babel/helper-skip-transparent-expression-wrappers': 7.20.0
      '@babel/helper-split-export-declaration': 7.18.6
    transitivePeerDependencies:
      - supports-color
    dev: true

  /@babel/helper-environment-visitor/7.18.9:
    resolution: {integrity: sha1-DAzumzXSyhkEeHVoZbs1KEIvUb4=}
    engines: {node: '>=6.9.0'}
    dev: true

  /@babel/helper-function-name/7.21.0:
    resolution: {integrity: sha1-1VKCmxDqnxIJaTBAI80GRfoAsbQ=}
    engines: {node: '>=6.9.0'}
    dependencies:
      '@babel/template': 7.20.7
      '@babel/types': 7.21.4
    dev: true

  /@babel/helper-hoist-variables/7.18.6:
    resolution: {integrity: sha1-1NLI+0uuqlxouZzIJFxWVU+SZng=}
    engines: {node: '>=6.9.0'}
    dependencies:
      '@babel/types': 7.21.4
    dev: true

  /@babel/helper-member-expression-to-functions/7.21.0:
    resolution: {integrity: sha1-MZxqlAQxoTOJcUhRWHfS8yacO6U=}
    engines: {node: '>=6.9.0'}
    dependencies:
      '@babel/types': 7.21.4
    dev: true

  /@babel/helper-module-imports/7.18.6:
    resolution: {integrity: sha1-Hj69u9CKrRQ3tCjFAgTbE8Wjym4=}
    engines: {node: '>=6.9.0'}
    dependencies:
      '@babel/types': 7.21.4
    dev: true

  /@babel/helper-module-imports/7.21.4:
    resolution: {integrity: sha1-rIiy92CTY3SJ5xipDOxs+KmwKa8=}
    engines: {node: '>=6.9.0'}
    dependencies:
      '@babel/types': 7.21.4
    dev: true

  /@babel/helper-module-transforms/7.21.2:
    resolution: {integrity: sha1-Fgyq+kl4rIwArGZjbLD6N7Ak4tI=}
    engines: {node: '>=6.9.0'}
    dependencies:
      '@babel/helper-environment-visitor': 7.18.9
      '@babel/helper-module-imports': 7.21.4
      '@babel/helper-simple-access': 7.20.2
      '@babel/helper-split-export-declaration': 7.18.6
      '@babel/helper-validator-identifier': 7.19.1
      '@babel/template': 7.20.7
      '@babel/traverse': 7.21.4
      '@babel/types': 7.21.4
    transitivePeerDependencies:
      - supports-color
    dev: true

  /@babel/helper-optimise-call-expression/7.18.6:
    resolution: {integrity: sha1-k2mqlD7n2kftqyy06Dis8J0pD/4=}
    engines: {node: '>=6.9.0'}
    dependencies:
      '@babel/types': 7.21.4
    dev: true

  /@babel/helper-plugin-utils/7.20.2:
    resolution: {integrity: sha1-0bkAB1KxjQh3z/haXDds5cMSFik=}
    engines: {node: '>=6.9.0'}
    dev: true

  /@babel/helper-replace-supers/7.20.7:
    resolution: {integrity: sha1-JD7NJyTSBxUyssitLw+fCDvK4zE=}
    engines: {node: '>=6.9.0'}
    dependencies:
      '@babel/helper-environment-visitor': 7.18.9
      '@babel/helper-member-expression-to-functions': 7.21.0
      '@babel/helper-optimise-call-expression': 7.18.6
      '@babel/template': 7.20.7
      '@babel/traverse': 7.21.4
      '@babel/types': 7.21.4
    transitivePeerDependencies:
      - supports-color
    dev: true

  /@babel/helper-simple-access/7.20.2:
    resolution: {integrity: sha1-CrRSaH/gws+x4rngAV3gf8LWLdk=}
    engines: {node: '>=6.9.0'}
    dependencies:
      '@babel/types': 7.21.4
    dev: true

  /@babel/helper-skip-transparent-expression-wrappers/7.20.0:
    resolution: {integrity: sha1-++TFL2BRjKuBQNdxAfDmOoojBoQ=}
    engines: {node: '>=6.9.0'}
    dependencies:
      '@babel/types': 7.21.4
    dev: true

  /@babel/helper-split-export-declaration/7.18.6:
    resolution: {integrity: sha1-c2eUm8dbIMbVpdSpe7ooJK6O8HU=}
    engines: {node: '>=6.9.0'}
    dependencies:
      '@babel/types': 7.21.4
    dev: true

  /@babel/helper-string-parser/7.19.4:
    resolution: {integrity: sha1-ONOstlS0cBqbd/sGFalvd1w6nmM=}
    engines: {node: '>=6.9.0'}
    dev: true

  /@babel/helper-validator-identifier/7.19.1:
    resolution: {integrity: sha1-fuqDTPMpAf/cGn7lVeL5wn4knKI=}
    engines: {node: '>=6.9.0'}
    dev: true

  /@babel/helper-validator-option/7.21.0:
    resolution: {integrity: sha1-giTH4TrOS6/cQATaLPBk70JnMYA=}
    engines: {node: '>=6.9.0'}
    dev: true

  /@babel/helpers/7.21.0:
    resolution: {integrity: sha1-ndGE+1WZhiA3kXzcnuy4RXfcTn4=}
    engines: {node: '>=6.9.0'}
    dependencies:
      '@babel/template': 7.20.7
      '@babel/traverse': 7.21.4
      '@babel/types': 7.21.4
    transitivePeerDependencies:
      - supports-color
    dev: true

  /@babel/highlight/7.18.6:
    resolution: {integrity: sha1-gRWGAek+JWN5Wty/vfXWS+Py7N8=}
    engines: {node: '>=6.9.0'}
    dependencies:
      '@babel/helper-validator-identifier': 7.19.1
      chalk: 2.4.2
      js-tokens: 4.0.0
    dev: true

  /@babel/parser/7.21.4:
    resolution: {integrity: sha1-lAA/38Ugu+KHXUrlV7Q9222IDxc=}
    engines: {node: '>=6.0.0'}
    hasBin: true
    dependencies:
      '@babel/types': 7.21.4
    dev: true

  /@babel/plugin-syntax-jsx/7.21.4_@babel+core@7.21.4:
    resolution: {integrity: sha1-8mTte/QP/J7COe2rwXpQxPW2/qI=}
    engines: {node: '>=6.9.0'}
    peerDependencies:
      '@babel/core': ^7.0.0-0
    dependencies:
      '@babel/core': 7.21.4
      '@babel/helper-plugin-utils': 7.20.2
    dev: true

  /@babel/plugin-syntax-typescript/7.21.4_@babel+core@7.21.4:
    resolution: {integrity: sha1-J1GUjpt8bXcajvpZNAwV1KKJH/g=}
    engines: {node: '>=6.9.0'}
    peerDependencies:
      '@babel/core': ^7.0.0-0
    dependencies:
      '@babel/core': 7.21.4
      '@babel/helper-plugin-utils': 7.20.2
    dev: true

  /@babel/plugin-transform-modules-commonjs/7.21.2_@babel+core@7.21.4:
    resolution: {integrity: sha1-b/UHDnHjGS7yt+OYIKBvt44wWOc=}
    engines: {node: '>=6.9.0'}
    peerDependencies:
      '@babel/core': ^7.0.0-0
    dependencies:
      '@babel/core': 7.21.4
      '@babel/helper-module-transforms': 7.21.2
      '@babel/helper-plugin-utils': 7.20.2
      '@babel/helper-simple-access': 7.20.2
    transitivePeerDependencies:
      - supports-color
    dev: true

  /@babel/plugin-transform-typescript/7.21.3_@babel+core@7.21.4:
    resolution: {integrity: sha1-MWxb5XmFbqiQpX68URbF0GRljys=}
    engines: {node: '>=6.9.0'}
    peerDependencies:
      '@babel/core': ^7.0.0-0
    dependencies:
      '@babel/core': 7.21.4
      '@babel/helper-annotate-as-pure': 7.18.6
      '@babel/helper-create-class-features-plugin': 7.21.4_@babel+core@7.21.4
      '@babel/helper-plugin-utils': 7.20.2
      '@babel/plugin-syntax-typescript': 7.21.4_@babel+core@7.21.4
    transitivePeerDependencies:
      - supports-color
    dev: true

  /@babel/preset-typescript/7.21.4_@babel+core@7.21.4:
    resolution: {integrity: sha1-uROsjmqoky5HwhsBtDaNiqI5pSk=}
    engines: {node: '>=6.9.0'}
    peerDependencies:
      '@babel/core': ^7.0.0-0
    dependencies:
      '@babel/core': 7.21.4
      '@babel/helper-plugin-utils': 7.20.2
      '@babel/helper-validator-option': 7.21.0
      '@babel/plugin-syntax-jsx': 7.21.4_@babel+core@7.21.4
      '@babel/plugin-transform-modules-commonjs': 7.21.2_@babel+core@7.21.4
      '@babel/plugin-transform-typescript': 7.21.3_@babel+core@7.21.4
    transitivePeerDependencies:
      - supports-color
    dev: true

  /@babel/template/7.20.7:
    resolution: {integrity: sha1-oVCQwoOag7AqqZbAtJlABYQf1ag=}
    engines: {node: '>=6.9.0'}
    dependencies:
      '@babel/code-frame': 7.21.4
      '@babel/parser': 7.21.4
      '@babel/types': 7.21.4
    dev: true

  /@babel/traverse/7.21.4:
    resolution: {integrity: sha1-qDasp7EWY06Xpu2Zl2I2sygsnTY=}
    engines: {node: '>=6.9.0'}
    dependencies:
      '@babel/code-frame': 7.21.4
      '@babel/generator': 7.21.4
      '@babel/helper-environment-visitor': 7.18.9
      '@babel/helper-function-name': 7.21.0
      '@babel/helper-hoist-variables': 7.18.6
      '@babel/helper-split-export-declaration': 7.18.6
      '@babel/parser': 7.21.4
      '@babel/types': 7.21.4
      debug: 4.3.4
      globals: 11.12.0
    transitivePeerDependencies:
      - supports-color
    dev: true

  /@babel/types/7.21.4:
    resolution: {integrity: sha1-LV1rt5CGmbO0FkCf/TtdqiWwMNQ=}
    engines: {node: '>=6.9.0'}
    dependencies:
      '@babel/helper-string-parser': 7.19.4
      '@babel/helper-validator-identifier': 7.19.1
      to-fast-properties: 2.0.0
    dev: true

  /@esbuild/android-arm/0.17.15:
    resolution: {integrity: sha1-FD4NTkwIx4bqQQuadzl3mpoTFdg=}
    engines: {node: '>=12'}
    cpu: [arm]
    os: [android]
    requiresBuild: true
    dev: true
    optional: true

  /@esbuild/android-arm64/0.17.15:
    resolution: {integrity: sha1-iTrXHzkgzLkZ4XV8OHdWqbyi70I=}
    engines: {node: '>=12'}
    cpu: [arm64]
    os: [android]
    requiresBuild: true
    dev: true
    optional: true

  /@esbuild/android-x64/0.17.15:
    resolution: {integrity: sha1-0tEqdnayWJhkKBsidDVSAJFlQLw=}
    engines: {node: '>=12'}
    cpu: [x64]
    os: [android]
    requiresBuild: true
    dev: true
    optional: true

  /@esbuild/darwin-arm64/0.17.15:
    resolution: {integrity: sha1-Lojnnx0yeip9nQY5flIy6wpHPWE=}
    engines: {node: '>=12'}
    cpu: [arm64]
    os: [darwin]
    requiresBuild: true
    dev: true
    optional: true

  /@esbuild/darwin-x64/0.17.15:
    resolution: {integrity: sha1-k4TmTAvpE4jFe+bTperxwyqZyR0=}
    engines: {node: '>=12'}
    cpu: [x64]
    os: [darwin]
    requiresBuild: true
    dev: true
    optional: true

  /@esbuild/freebsd-arm64/0.17.15:
    resolution: {integrity: sha1-KtWjW8UuvZymuEXbxZujlkepPBo=}
    engines: {node: '>=12'}
    cpu: [arm64]
    os: [freebsd]
    requiresBuild: true
    dev: true
    optional: true

  /@esbuild/freebsd-x64/0.17.15:
    resolution: {integrity: sha1-tROkhEb5bHX9pb70cOZNNC1Dec0=}
    engines: {node: '>=12'}
    cpu: [x64]
    os: [freebsd]
    requiresBuild: true
    dev: true
    optional: true

  /@esbuild/linux-arm/0.17.15:
    resolution: {integrity: sha1-WyIGLFT0jNkvq5/9mTcypS23DNM=}
    engines: {node: '>=12'}
    cpu: [arm]
    os: [linux]
    requiresBuild: true
    dev: true
    optional: true

  /@esbuild/linux-arm64/0.17.15:
    resolution: {integrity: sha1-lpexaBdb/UH6nMSnLdDUjyRxXzE=}
    engines: {node: '>=12'}
    cpu: [arm64]
    os: [linux]
    requiresBuild: true
    dev: true
    optional: true

  /@esbuild/linux-ia32/0.17.15:
    resolution: {integrity: sha1-6yihP5tgtRifzJ6Y4QJPa2V7pUw=}
    engines: {node: '>=12'}
    cpu: [ia32]
    os: [linux]
    requiresBuild: true
    dev: true
    optional: true

  /@esbuild/linux-loong64/0.17.15:
    resolution: {integrity: sha1-MkVL3+FEz3S3eJWorSGhXLgc++U=}
    engines: {node: '>=12'}
    cpu: [loong64]
    os: [linux]
    requiresBuild: true
    dev: true
    optional: true

  /@esbuild/linux-mips64el/0.17.15:
    resolution: {integrity: sha1-rxK94Nd1oxj62Q6xOgRVIppjmHw=}
    engines: {node: '>=12'}
    cpu: [mips64el]
    os: [linux]
    requiresBuild: true
    dev: true
    optional: true

  /@esbuild/linux-ppc64/0.17.15:
    resolution: {integrity: sha1-NMXtFFst/Ek9PmUqusi9O6o4ZaU=}
    engines: {node: '>=12'}
    cpu: [ppc64]
    os: [linux]
    requiresBuild: true
    dev: true
    optional: true

  /@esbuild/linux-riscv64/0.17.15:
    resolution: {integrity: sha1-h71RXoN/LrAEtF+eapTcW5PyK5I=}
    engines: {node: '>=12'}
    cpu: [riscv64]
    os: [linux]
    requiresBuild: true
    dev: true
    optional: true

  /@esbuild/linux-s390x/0.17.15:
    resolution: {integrity: sha1-IL95Rxl/GZ3awuxBICmkFM6uOqM=}
    engines: {node: '>=12'}
    cpu: [s390x]
    os: [linux]
    requiresBuild: true
    dev: true
    optional: true

  /@esbuild/linux-x64/0.17.15:
    resolution: {integrity: sha1-Mbk/nJTBlehSwgzT0ZFKaKphkSQ=}
    engines: {node: '>=12'}
    cpu: [x64]
    os: [linux]
    requiresBuild: true
    dev: true
    optional: true

  /@esbuild/netbsd-x64/0.17.15:
    resolution: {integrity: sha1-jaKZs6xodYNsqM3BklgmSYBprGU=}
    engines: {node: '>=12'}
    cpu: [x64]
    os: [netbsd]
    requiresBuild: true
    dev: true
    optional: true

  /@esbuild/openbsd-x64/0.17.15:
    resolution: {integrity: sha1-BKHsPU6RlxTbpo3PCe6xIorQ0gw=}
    engines: {node: '>=12'}
    cpu: [x64]
    os: [openbsd]
    requiresBuild: true
    dev: true
    optional: true

  /@esbuild/sunos-x64/0.17.15:
    resolution: {integrity: sha1-ZpTr5OFuXNfatlBf98KPnBxpXOU=}
    engines: {node: '>=12'}
    cpu: [x64]
    os: [sunos]
    requiresBuild: true
    dev: true
    optional: true

  /@esbuild/win32-arm64/0.17.15:
    resolution: {integrity: sha1-H5WyVkGTyNH+6PgSmgYJcoFx1QA=}
    engines: {node: '>=12'}
    cpu: [arm64]
    os: [win32]
    requiresBuild: true
    dev: true
    optional: true

  /@esbuild/win32-ia32/0.17.15:
    resolution: {integrity: sha1-w2K4iz3yGRbte891xtCca/OuNUo=}
    engines: {node: '>=12'}
    cpu: [ia32]
    os: [win32]
    requiresBuild: true
    dev: true
    optional: true

  /@esbuild/win32-x64/0.17.15:
    resolution: {integrity: sha1-wuc386IB6/+OKsK46fJGs5etGbg=}
    engines: {node: '>=12'}
    cpu: [x64]
    os: [win32]
    requiresBuild: true
    dev: true
    optional: true

  /@iconify/types/2.0.0:
    resolution: {integrity: sha1-qw6epoHWyKEhTzDNdB/jogzFf1c=}
    dev: true

  /@iconify/utils/2.1.5:
    resolution: {integrity: sha1-dcF0EKrexyTSq3vXHocQ5EgQJDg=}
    dependencies:
      '@antfu/install-pkg': 0.1.1
      '@antfu/utils': 0.7.2
      '@iconify/types': 2.0.0
      debug: 4.3.4
      kolorist: 1.7.0
      local-pkg: 0.4.3
    transitivePeerDependencies:
      - supports-color
    dev: true

  /@jridgewell/gen-mapping/0.3.3:
    resolution: {integrity: sha1-fgLm6135AartsIUUIDsJZhQCQJg=}
    engines: {node: '>=6.0.0'}
    dependencies:
      '@jridgewell/set-array': 1.1.2
      '@jridgewell/sourcemap-codec': 1.4.15
      '@jridgewell/trace-mapping': 0.3.18
    dev: true

  /@jridgewell/resolve-uri/3.1.0:
    resolution: {integrity: sha1-IgOxGMFXchrd/mnUe3BGVGMGbXg=}
    engines: {node: '>=6.0.0'}
    dev: true

  /@jridgewell/set-array/1.1.2:
    resolution: {integrity: sha1-fGz5mNbSC5FMClWpGuko/yWWXnI=}
    engines: {node: '>=6.0.0'}
    dev: true

  /@jridgewell/sourcemap-codec/1.4.14:
    resolution: {integrity: sha1-rdTJjTQUcqKJGQtCTvvbCWmRuyQ=}
    dev: true

  /@jridgewell/sourcemap-codec/1.4.15:
    resolution: {integrity: sha1-18bmdVx4VnqVHgSrUu8P0m3lnzI=}
    dev: true

  /@jridgewell/trace-mapping/0.3.18:
    resolution: {integrity: sha1-JXg7IIba9v8dy1PJJJrkgOTdTNY=}
    dependencies:
      '@jridgewell/resolve-uri': 3.1.0
      '@jridgewell/sourcemap-codec': 1.4.14
    dev: true

  /@nodelib/fs.scandir/2.1.5:
    resolution: {integrity: sha1-dhnC6yGyVIP20WdUi0z9WnSIw9U=}
    engines: {node: '>= 8'}
    dependencies:
      '@nodelib/fs.stat': 2.0.5
      run-parallel: 1.2.0
    dev: true

  /@nodelib/fs.stat/2.0.5:
    resolution: {integrity: sha1-W9Jir5Tp0lvR5xsF3u1Eh2oiLos=}
    engines: {node: '>= 8'}
    dev: true

  /@nodelib/fs.walk/1.2.8:
    resolution: {integrity: sha1-6Vc36LtnRt3t9pxVaVNJTxlv5po=}
    engines: {node: '>= 8'}
    dependencies:
      '@nodelib/fs.scandir': 2.1.5
      fastq: 1.15.0
    dev: true

  /@polka/url/1.0.0-next.21:
    resolution: {integrity: sha1-XeWiOFo1MJQn9gEZkrVEUU1VmqE=}
    dev: true

  /@rollup/pluginutils/5.0.2:
    resolution: {integrity: sha1-ASuPU8ceT2+csxfjEd8UBPVuejM=}
    engines: {node: '>=14.0.0'}
    peerDependencies:
      rollup: ^1.20.0||^2.0.0||^3.0.0
    peerDependenciesMeta:
      rollup:
        optional: true
    dependencies:
      '@types/estree': 1.0.0
      estree-walker: 2.0.2
      picomatch: 2.3.1
    dev: true

  /@tauri-apps/api/1.2.0:
    resolution: {integrity: sha1-HxlrPgEpcSJ/QbmCFMhGQwpOtHc=}
    engines: {node: '>= 14.6.0', npm: '>= 6.6.0', yarn: '>= 1.19.1'}
    dev: false

  /@tauri-apps/cli-darwin-arm64/1.2.3:
    resolution: {integrity: sha1-2ukULmg8ABmfTX4IjyK1ZLCLnKw=}
    engines: {node: '>= 10'}
    cpu: [arm64]
    os: [darwin]
    requiresBuild: true
    dev: true
    optional: true

  /@tauri-apps/cli-darwin-x64/1.2.3:
    resolution: {integrity: sha1-xvhKEaGngA4+jiLI+luV0LPR+AI=}
    engines: {node: '>= 10'}
    cpu: [x64]
    os: [darwin]
    requiresBuild: true
    dev: true
    optional: true

  /@tauri-apps/cli-linux-arm-gnueabihf/1.2.3:
    resolution: {integrity: sha1-7MzsTCVasykD+zbhx0bte07/DR0=}
    engines: {node: '>= 10'}
    cpu: [arm]
    os: [linux]
    requiresBuild: true
    dev: true
    optional: true

  /@tauri-apps/cli-linux-arm64-gnu/1.2.3:
    resolution: {integrity: sha1-w5Fd6DqPvm9AbqoLUkoXwJGpos0=}
    engines: {node: '>= 10'}
    cpu: [arm64]
    os: [linux]
    libc: [glibc]
    requiresBuild: true
    dev: true
    optional: true

  /@tauri-apps/cli-linux-arm64-musl/1.2.3:
    resolution: {integrity: sha1-QPn3zwtAiJZGYf1BLv9zEMtKxgU=}
    engines: {node: '>= 10'}
    cpu: [arm64]
    os: [linux]
    libc: [musl]
    requiresBuild: true
    dev: true
    optional: true

  /@tauri-apps/cli-linux-x64-gnu/1.2.3:
    resolution: {integrity: sha1-Cz5MH9piBdvocvS2lQZmlHb2BZE=}
    engines: {node: '>= 10'}
    cpu: [x64]
    os: [linux]
    libc: [glibc]
    requiresBuild: true
    dev: true
    optional: true

  /@tauri-apps/cli-linux-x64-musl/1.2.3:
    resolution: {integrity: sha1-7c+PU9pQM3oudj1P2nUO9WEkA2w=}
    engines: {node: '>= 10'}
    cpu: [x64]
    os: [linux]
    libc: [musl]
    requiresBuild: true
    dev: true
    optional: true

  /@tauri-apps/cli-win32-ia32-msvc/1.2.3:
    resolution: {integrity: sha1-BZLT5O7kaFZ0V5uol+7xRpxvHP4=}
    engines: {node: '>= 10'}
    cpu: [ia32]
    os: [win32]
    requiresBuild: true
    dev: true
    optional: true

  /@tauri-apps/cli-win32-x64-msvc/1.2.3:
    resolution: {integrity: sha1-ifDMNuEeVlZBYWAs1q3RVcx7Dfs=}
    engines: {node: '>= 10'}
    cpu: [x64]
    os: [win32]
    requiresBuild: true
    dev: true
    optional: true

  /@tauri-apps/cli/1.2.3:
    resolution: {integrity: sha1-lX+KOjcPMG6eHqWokcswrtka9k4=}
    engines: {node: '>= 10'}
    hasBin: true
    optionalDependencies:
      '@tauri-apps/cli-darwin-arm64': 1.2.3
      '@tauri-apps/cli-darwin-x64': 1.2.3
      '@tauri-apps/cli-linux-arm-gnueabihf': 1.2.3
      '@tauri-apps/cli-linux-arm64-gnu': 1.2.3
      '@tauri-apps/cli-linux-arm64-musl': 1.2.3
      '@tauri-apps/cli-linux-x64-gnu': 1.2.3
      '@tauri-apps/cli-linux-x64-musl': 1.2.3
      '@tauri-apps/cli-win32-ia32-msvc': 1.2.3
      '@tauri-apps/cli-win32-x64-msvc': 1.2.3
    dev: true

  /@types/babel__core/7.20.0:
    resolution: {integrity: sha1-YbxaTK5QXOmOHjbFRF5L7gYNiJE=}
    dependencies:
      '@babel/parser': 7.21.4
      '@babel/types': 7.21.4
      '@types/babel__generator': 7.6.4
      '@types/babel__template': 7.4.1
      '@types/babel__traverse': 7.18.3
    dev: true

  /@types/babel__generator/7.6.4:
    resolution: {integrity: sha1-HyDOTFsZkLN5ALY/BQGC0owkObc=}
    dependencies:
      '@babel/types': 7.21.4
    dev: true

  /@types/babel__template/7.4.1:
    resolution: {integrity: sha1-PRpI/Z1sDt/Vby/1eNrtSPNsiWk=}
    dependencies:
      '@babel/parser': 7.21.4
      '@babel/types': 7.21.4
    dev: true

  /@types/babel__traverse/7.18.3:
    resolution: {integrity: sha1-38UIqFeB5WmNWzNENBa2JoxLPo0=}
    dependencies:
      '@babel/types': 7.21.4
    dev: true

  /@types/estree/1.0.0:
    resolution: {integrity: sha1-X7LlNsGum/NTZu7Yeegn+lnKQcI=}
    dev: true

  /@types/node/18.15.11:
    resolution: {integrity: sha1-s7eQ8JyxaWz/zsYF3gJbCI+kIl8=}
    dev: true

  /@unocss/astro/0.50.7_vite@4.2.1:
    resolution: {integrity: sha1-PJPrEjzxIm3eSrV+2/kfUZzOlY8=}
    dependencies:
      '@unocss/core': 0.50.7
      '@unocss/reset': 0.50.7
      '@unocss/vite': 0.50.7_vite@4.2.1
    transitivePeerDependencies:
      - rollup
      - vite
    dev: true

  /@unocss/cli/0.50.7:
    resolution: {integrity: sha1-9V8x6meOO6kbmjVT89mXoHXFB1E=}
    engines: {node: '>=14'}
    hasBin: true
    dependencies:
      '@ampproject/remapping': 2.2.1
      '@rollup/pluginutils': 5.0.2
      '@unocss/config': 0.50.7
      '@unocss/core': 0.50.7
      '@unocss/preset-uno': 0.50.7
      cac: 6.7.14
      chokidar: 3.5.3
      colorette: 2.0.19
      consola: 2.15.3
      fast-glob: 3.2.12
      magic-string: 0.30.0
      pathe: 1.1.0
      perfect-debounce: 0.1.3
    transitivePeerDependencies:
      - rollup
    dev: true

  /@unocss/config/0.50.7:
    resolution: {integrity: sha1-d/MVi8nGPLC6XBwpjJ8VGDcJpjQ=}
    engines: {node: '>=14'}
    dependencies:
      '@unocss/core': 0.50.7
      unconfig: 0.3.7
    dev: true

  /@unocss/core/0.50.7:
    resolution: {integrity: sha1-1JWRALi8HjGD+q+o6WFhFQv1uo0=}
    dev: true

  /@unocss/inspector/0.50.7:
    resolution: {integrity: sha1-Q1+fhBPUtP8jjA2KSgjx6IY5OcA=}
    dependencies:
      gzip-size: 6.0.0
      sirv: 2.0.2
    dev: true

  /@unocss/postcss/0.50.7:
    resolution: {integrity: sha1-mQYWMopsVU9qV8M0k3XKn/2FVXY=}
    engines: {node: '>=14'}
    dependencies:
      '@unocss/config': 0.50.7
      '@unocss/core': 0.50.7
      css-tree: 2.3.1
      fast-glob: 3.2.12
      magic-string: 0.30.0
      postcss: 8.4.21
    dev: true

  /@unocss/preset-attributify/0.50.7:
    resolution: {integrity: sha1-G+m3YJzRY4byhbsD8H+wI+ylCMk=}
    dependencies:
      '@unocss/core': 0.50.7
    dev: true

  /@unocss/preset-icons/0.50.7:
    resolution: {integrity: sha1-4Z48xYAbadMFXPLz7sQzI3GjAOQ=}
    dependencies:
      '@iconify/utils': 2.1.5
      '@unocss/core': 0.50.7
      ofetch: 1.0.1
    transitivePeerDependencies:
      - supports-color
    dev: true

  /@unocss/preset-mini/0.50.7:
    resolution: {integrity: sha1-u6f+U1CRzR+hK95vOSJXGVqGtRo=}
    dependencies:
      '@unocss/core': 0.50.7
    dev: true

  /@unocss/preset-tagify/0.50.7:
    resolution: {integrity: sha1-8EOo/c8FQO0JrcfQOAg76HT4yIE=}
    dependencies:
      '@unocss/core': 0.50.7
    dev: true

  /@unocss/preset-typography/0.50.7:
    resolution: {integrity: sha1-mM/jPaw4FvouY/GZmwYHKWpryr0=}
    dependencies:
      '@unocss/core': 0.50.7
      '@unocss/preset-mini': 0.50.7
    dev: true

  /@unocss/preset-uno/0.50.7:
    resolution: {integrity: sha1-uSF7/6ajLk7dXoHJZqbhako6m7c=}
    dependencies:
      '@unocss/core': 0.50.7
      '@unocss/preset-mini': 0.50.7
      '@unocss/preset-wind': 0.50.7
    dev: true

  /@unocss/preset-web-fonts/0.50.7:
    resolution: {integrity: sha1-8WYZiWWLrbOB3x1kQAcAsFIRxe8=}
    dependencies:
      '@unocss/core': 0.50.7
      ofetch: 1.0.1
    dev: true

  /@unocss/preset-wind/0.50.7:
    resolution: {integrity: sha1-91ltwCfdBc4Y7A+R/avPKPc9qy8=}
    dependencies:
      '@unocss/core': 0.50.7
      '@unocss/preset-mini': 0.50.7
    dev: true

  /@unocss/reset/0.50.7:
    resolution: {integrity: sha1-Q2EGfjLR0eKD8YaAjpkxKBsHoHs=}
    dev: true

  /@unocss/scope/0.50.7:
    resolution: {integrity: sha1-fnNlW69N1I2xkAE4jNn/AFcm84U=}
    dev: true

  /@unocss/transformer-attributify-jsx/0.50.7:
    resolution: {integrity: sha1-lPMKz2XfS+IgqTk3fqWQ2s9S0bo=}
    dependencies:
      '@unocss/core': 0.50.7
    dev: true

  /@unocss/transformer-compile-class/0.50.7:
    resolution: {integrity: sha1-rpsLvxHWs34iZBVaRPcLWN1iakg=}
    dependencies:
      '@unocss/core': 0.50.7
    dev: true

  /@unocss/transformer-directives/0.50.7:
    resolution: {integrity: sha1-rW0PDXRZUDrK1a2abUjSwqEXKmk=}
    dependencies:
      '@unocss/core': 0.50.7
      css-tree: 2.3.1
    dev: true

  /@unocss/transformer-variant-group/0.50.7:
    resolution: {integrity: sha1-cHmp1qsZ7Fmzf1sB9A+20WmM0iE=}
    dependencies:
      '@unocss/core': 0.50.7
    dev: true

  /@unocss/vite/0.50.7_vite@4.2.1:
    resolution: {integrity: sha1-9Ge8uWBcm19gluL2NSBNxT1y9qg=}
    peerDependencies:
      vite: ^2.9.0 || ^3.0.0-0 || ^4.0.0
    dependencies:
      '@ampproject/remapping': 2.2.1
      '@rollup/pluginutils': 5.0.2
      '@unocss/config': 0.50.7
      '@unocss/core': 0.50.7
      '@unocss/inspector': 0.50.7
      '@unocss/scope': 0.50.7
      '@unocss/transformer-directives': 0.50.7
      chokidar: 3.5.3
      fast-glob: 3.2.12
      magic-string: 0.30.0
      vite: 4.2.1_@types+node@18.15.11
    transitivePeerDependencies:
      - rollup
    dev: true

  /ansi-styles/3.2.1:
    resolution: {integrity: sha1-QfuyAkPlCxK+DwS43tvwdSDOhB0=}
    engines: {node: '>=4'}
    dependencies:
      color-convert: 1.9.3
    dev: true

  /anymatch/3.1.3:
    resolution: {integrity: sha1-eQxYsZuhcgqEIFtXxhjVrYUklz4=}
    engines: {node: '>= 8'}
    dependencies:
      normalize-path: 3.0.0
      picomatch: 2.3.1
    dev: true

  /babel-plugin-jsx-dom-expressions/0.36.9_@babel+core@7.21.4:
    resolution: {integrity: sha1-y33SUmqcr2lGi367zXvZcCFKbos=}
    peerDependencies:
      '@babel/core': ^7.20.12
    dependencies:
      '@babel/core': 7.21.4
      '@babel/helper-module-imports': 7.18.6
      '@babel/plugin-syntax-jsx': 7.21.4_@babel+core@7.21.4
      '@babel/types': 7.21.4
      html-entities: 2.3.3
      validate-html-nesting: 1.2.1
    dev: true

  /babel-preset-solid/1.7.3_@babel+core@7.21.4:
    resolution: {integrity: sha1-3guckBEeznA3vp+ydb+bqI7uZsg=}
    peerDependencies:
      '@babel/core': ^7.0.0
    dependencies:
      '@babel/core': 7.21.4
      babel-plugin-jsx-dom-expressions: 0.36.9_@babel+core@7.21.4
    dev: true

  /binary-extensions/2.2.0:
    resolution: {integrity: sha1-dfUC7q+f/eQvyYgpZFvk6na9ni0=}
    engines: {node: '>=8'}
    dev: true

  /braces/3.0.2:
    resolution: {integrity: sha1-NFThpGLujVmeI23zNs2epPiv4Qc=}
    engines: {node: '>=8'}
    dependencies:
      fill-range: 7.0.1
    dev: true

  /browserslist/4.21.5:
    resolution: {integrity: sha1-dcXa5gBj7mQfl34A7dPPsvt69qc=}
    engines: {node: ^6 || ^7 || ^8 || ^9 || ^10 || ^11 || ^12 || >=13.7}
    hasBin: true
    dependencies:
      caniuse-lite: 1.0.30001475
      electron-to-chromium: 1.4.356
      node-releases: 2.0.10
      update-browserslist-db: 1.0.10_browserslist@4.21.5
    dev: true

  /cac/6.7.14:
    resolution: {integrity: sha1-gE4eb1Bu42PLDjzLsJytXdmHCVk=}
    engines: {node: '>=8'}
    dev: true

  /caniuse-lite/1.0.30001475:
    resolution: {integrity: sha1-HPCjAD7dxphvebVMgEmBQjzhJ+M=}
    dev: true

  /chalk/2.4.2:
    resolution: {integrity: sha1-zUJUFnelQzPPVBpJEIwUMrRMlCQ=}
    engines: {node: '>=4'}
    dependencies:
      ansi-styles: 3.2.1
      escape-string-regexp: 1.0.5
      supports-color: 5.5.0
    dev: true

  /chokidar/3.5.3:
    resolution: {integrity: sha1-HPN8hwe5Mr0a8a4iwEMuKs0ZA70=}
    engines: {node: '>= 8.10.0'}
    dependencies:
      anymatch: 3.1.3
      braces: 3.0.2
      glob-parent: 5.1.2
      is-binary-path: 2.1.0
      is-glob: 4.0.3
      normalize-path: 3.0.0
      readdirp: 3.6.0
    optionalDependencies:
      fsevents: 2.3.2
    dev: true

  /color-convert/1.9.3:
    resolution: {integrity: sha1-u3GFBpDh8TZWfeYp0tVHHe2kweg=}
    dependencies:
      color-name: 1.1.3
    dev: true

  /color-name/1.1.3:
    resolution: {integrity: sha1-p9BVi9icQveV3UIyj3QIMcpTvCU=}
    dev: true

  /colorette/2.0.19:
    resolution: {integrity: sha1-zfBE9HrUGg9LVrOg1bTm4aLVp5g=}
    dev: true

  /consola/2.15.3:
    resolution: {integrity: sha1-LhH5jWpL5x/3LgvfB70j4Sy2FVA=}
    dev: true

  /convert-source-map/1.9.0:
    resolution: {integrity: sha1-f6rmI1P7QhM2bQypg1jSLoNosF8=}
    dev: true

  /cross-spawn/7.0.3:
    resolution: {integrity: sha1-9zqFudXUHQRVUcF34ogtSshXKKY=}
    engines: {node: '>= 8'}
    dependencies:
      path-key: 3.1.1
      shebang-command: 2.0.0
      which: 2.0.2
    dev: true

  /css-tree/2.3.1:
    resolution: {integrity: sha1-ECZM4eVELoVy/IL75JBkT/VLXCA=}
    engines: {node: ^10 || ^12.20.0 || ^14.13.0 || >=15.0.0}
    dependencies:
      mdn-data: 2.0.30
      source-map-js: 1.0.2
    dev: true

  /csstype/3.1.2:
    resolution: {integrity: sha1-HUv51XLxHBQDHwQ24cELwfVx9Qs=}

  /debug/4.3.4:
    resolution: {integrity: sha1-Exn2V5NX8jONMzfSzdSRS7XcyGU=}
    engines: {node: '>=6.0'}
    peerDependencies:
      supports-color: '*'
    peerDependenciesMeta:
      supports-color:
        optional: true
    dependencies:
      ms: 2.1.2
    dev: true

  /defu/6.1.2:
    resolution: {integrity: sha1-EhfLoWdBChdlupOJPG26ye2dnlw=}
    dev: true

  /destr/1.2.2:
    resolution: {integrity: sha1-e6m+/K+2RaUOdrJgRJxjkntR4i8=}
    dev: true

  /duplexer/0.1.2:
    resolution: {integrity: sha1-Or5DrvODX4rgd9E23c4PJ2sEAOY=}
    dev: true

  /electron-to-chromium/1.4.356:
    resolution: {integrity: sha1-t1qKjDHVcfYCQxDMmAoIzWwVqMU=}
    dev: true

  /esbuild/0.17.15:
    resolution: {integrity: sha1-IJ68h8tnH/t5V025NJSxD/r0PLw=}
    engines: {node: '>=12'}
    hasBin: true
    requiresBuild: true
    optionalDependencies:
      '@esbuild/android-arm': 0.17.15
      '@esbuild/android-arm64': 0.17.15
      '@esbuild/android-x64': 0.17.15
      '@esbuild/darwin-arm64': 0.17.15
      '@esbuild/darwin-x64': 0.17.15
      '@esbuild/freebsd-arm64': 0.17.15
      '@esbuild/freebsd-x64': 0.17.15
      '@esbuild/linux-arm': 0.17.15
      '@esbuild/linux-arm64': 0.17.15
      '@esbuild/linux-ia32': 0.17.15
      '@esbuild/linux-loong64': 0.17.15
      '@esbuild/linux-mips64el': 0.17.15
      '@esbuild/linux-ppc64': 0.17.15
      '@esbuild/linux-riscv64': 0.17.15
      '@esbuild/linux-s390x': 0.17.15
      '@esbuild/linux-x64': 0.17.15
      '@esbuild/netbsd-x64': 0.17.15
      '@esbuild/openbsd-x64': 0.17.15
      '@esbuild/sunos-x64': 0.17.15
      '@esbuild/win32-arm64': 0.17.15
      '@esbuild/win32-ia32': 0.17.15
      '@esbuild/win32-x64': 0.17.15
    dev: true

  /escalade/3.1.1:
    resolution: {integrity: sha1-2M/ccACWXFoBdLSoLqpcBVJ0LkA=}
    engines: {node: '>=6'}
    dev: true

  /escape-string-regexp/1.0.5:
    resolution: {integrity: sha1-G2HAViGQqN/2rjuyzwIAyhMLhtQ=}
    engines: {node: '>=0.8.0'}
    dev: true

  /estree-walker/2.0.2:
    resolution: {integrity: sha1-UvAQF4wqTBF6d1fP6UKtt9LaTKw=}
    dev: true

  /execa/5.1.1:
    resolution: {integrity: sha1-+ArZy/Qpj3vR1MlVXCHpN0HEEd0=}
    engines: {node: '>=10'}
    dependencies:
      cross-spawn: 7.0.3
      get-stream: 6.0.1
      human-signals: 2.1.0
      is-stream: 2.0.1
      merge-stream: 2.0.0
      npm-run-path: 4.0.1
      onetime: 5.1.2
      signal-exit: 3.0.7
      strip-final-newline: 2.0.0
    dev: true

  /fast-glob/3.2.12:
    resolution: {integrity: sha1-fznsmcLmqwMDNxQtqeDBjzevroA=}
    engines: {node: '>=8.6.0'}
    dependencies:
      '@nodelib/fs.stat': 2.0.5
      '@nodelib/fs.walk': 1.2.8
      glob-parent: 5.1.2
      merge2: 1.4.1
      micromatch: 4.0.5
    dev: true

  /fastq/1.15.0:
    resolution: {integrity: sha1-0E0HxqKmj+RZn+qNLhA6k3+uazo=}
    dependencies:
      reusify: 1.0.4
    dev: true

  /fill-range/7.0.1:
    resolution: {integrity: sha1-GRmmp8df44ssfHflGYU12prN2kA=}
    engines: {node: '>=8'}
    dependencies:
      to-regex-range: 5.0.1
    dev: true

  /find-up/5.0.0:
    resolution: {integrity: sha1-TJKBnstwg1YeT0okCoa+UZj1Nvw=}
    engines: {node: '>=10'}
    dependencies:
      locate-path: 6.0.0
      path-exists: 4.0.0
    dev: true

  /fsevents/2.3.2:
    resolution: {integrity: sha1-ilJveLj99GI7cJ4Ll1xSwkwC/Ro=}
    engines: {node: ^8.16.0 || ^10.6.0 || >=11.0.0}
    os: [darwin]
    requiresBuild: true
    dev: true
    optional: true

  /function-bind/1.1.1:
    resolution: {integrity: sha1-pWiZ0+o8m6uHS7l3O3xe3pL0iV0=}
    dev: true

  /gensync/1.0.0-beta.2:
    resolution: {integrity: sha1-MqbudsPX9S1GsrGuXZP+qFgKJeA=}
    engines: {node: '>=6.9.0'}
    dev: true

  /get-stream/6.0.1:
    resolution: {integrity: sha1-omLY7vZ6ztV8KFKtYWdSakPL97c=}
    engines: {node: '>=10'}
    dev: true

  /glob-parent/5.1.2:
    resolution: {integrity: sha1-hpgyxYA0/mikCTwX3BXoNA2EAcQ=}
    engines: {node: '>= 6'}
    dependencies:
      is-glob: 4.0.3
    dev: true

  /globals/11.12.0:
    resolution: {integrity: sha1-q4eVM4hooLq9hSV1gBjCp+uVxC4=}
    engines: {node: '>=4'}
    dev: true

  /gzip-size/6.0.0:
    resolution: {integrity: sha1-BlNn/VDCOcBnHLy61b4+LusQ5GI=}
    engines: {node: '>=10'}
    dependencies:
      duplexer: 0.1.2
    dev: true

  /has-flag/3.0.0:
    resolution: {integrity: sha1-tdRU3CGZriJWmfNGfloH87lVuv0=}
    engines: {node: '>=4'}
    dev: true

  /has/1.0.3:
    resolution: {integrity: sha1-ci18v8H2qoJB8W3YFOAR4fQeh5Y=}
    engines: {node: '>= 0.4.0'}
    dependencies:
      function-bind: 1.1.1
    dev: true

  /html-entities/2.3.3:
    resolution: {integrity: sha1-EX12Jr7OMn/Iuqzoho+m9e+FbkY=}
    dev: true

  /human-signals/2.1.0:
    resolution: {integrity: sha1-3JH8ukLk0G5Kuu0zs+ejwC9RTqA=}
    engines: {node: '>=10.17.0'}
    dev: true

  /is-binary-path/2.1.0:
    resolution: {integrity: sha1-6h9/O4DwZCNug0cPhsCcJU+0Wwk=}
    engines: {node: '>=8'}
    dependencies:
      binary-extensions: 2.2.0
    dev: true

  /is-core-module/2.11.0:
    resolution: {integrity: sha1-rUyz44Y+gUUjyW8/WNJsxXD/AUQ=}
    dependencies:
      has: 1.0.3
    dev: true

  /is-extglob/2.1.1:
    resolution: {integrity: sha1-qIwCU1eR8C7TfHahueqXc8gz+MI=}
    engines: {node: '>=0.10.0'}
    dev: true

  /is-glob/4.0.3:
    resolution: {integrity: sha1-ZPYeQsu7LuwgcanawLKLoeZdUIQ=}
    engines: {node: '>=0.10.0'}
    dependencies:
      is-extglob: 2.1.1
    dev: true

  /is-number/7.0.0:
    resolution: {integrity: sha1-dTU0W4lnNNX4DE0GxQlVUnoU8Ss=}
    engines: {node: '>=0.12.0'}
    dev: true

  /is-stream/2.0.1:
    resolution: {integrity: sha1-+sHj1TuXrVqdCunO8jifWBClwHc=}
    engines: {node: '>=8'}
    dev: true

  /is-what/4.1.8:
    resolution: {integrity: sha1-DiqIB/2jCYDdslcceds9IJsUy+Q=}
    engines: {node: '>=12.13'}
    dev: true

  /isexe/2.0.0:
    resolution: {integrity: sha1-6PvzdNxVb/iUehDcsFctYz8s+hA=}
    dev: true

  /jiti/1.18.2:
    resolution: {integrity: sha1-gMPvPUhuvyRQ2TNRIrMtEh8qg80=}
    hasBin: true
    dev: true

  /js-tokens/4.0.0:
    resolution: {integrity: sha1-GSA/tZmR35jjoocFDUZHzerzJJk=}
    dev: true

  /jsesc/2.5.2:
    resolution: {integrity: sha1-gFZNLkg9rPbo7yCWUKZ98/DCg6Q=}
    engines: {node: '>=4'}
    hasBin: true
    dev: true

  /json5/2.2.3:
    resolution: {integrity: sha1-eM1vGhm9wStz21rQxh79ZsHikoM=}
    engines: {node: '>=6'}
    hasBin: true
    dev: true

  /kolorist/1.7.0:
    resolution: {integrity: sha1-jiK8Rw6i0nQ9vUYYCPi1JGsZ9fQ=}
    dev: true

  /local-pkg/0.4.3:
    resolution: {integrity: sha1-D/Nhqzrn8cGRE9m7l7mLkF28SWM=}
    engines: {node: '>=14'}
    dev: true

  /locate-path/6.0.0:
    resolution: {integrity: sha1-VTIeswn+u8WcSAHZMackUqaB0oY=}
    engines: {node: '>=10'}
    dependencies:
      p-locate: 5.0.0
    dev: true

  /lru-cache/5.1.1:
    resolution: {integrity: sha1-HaJ+ZxAnGUdpXa9oSOhH8B2EuSA=}
    dependencies:
      yallist: 3.1.1
    dev: true

  /magic-string/0.30.0:
    resolution: {integrity: sha1-/VikdIxcRUczikJOkPpd0X9N5Sk=}
    engines: {node: '>=12'}
    dependencies:
      '@jridgewell/sourcemap-codec': 1.4.15
    dev: true

  /mdn-data/2.0.30:
    resolution: {integrity: sha1-zk32+Ar2z74hjs1cVSuhPE36CMw=}
    dev: true

  /merge-anything/5.1.4:
    resolution: {integrity: sha1-xjEyv6Wk7d7/b436DfnZMCU8je4=}
    engines: {node: '>=12.13'}
    dependencies:
      is-what: 4.1.8
    dev: true

  /merge-stream/2.0.0:
    resolution: {integrity: sha1-UoI2KaFN0AyXcPtq1H3GMQ8sH2A=}
    dev: true

  /merge2/1.4.1:
    resolution: {integrity: sha1-Q2iJL4hekHRVpv19xVwMnUBJkK4=}
    engines: {node: '>= 8'}
    dev: true

  /micromatch/4.0.5:
    resolution: {integrity: sha1-vImZp8u/d83InxMvbkZwUbSQkMY=}
    engines: {node: '>=8.6'}
    dependencies:
      braces: 3.0.2
      picomatch: 2.3.1
    dev: true

  /mimic-fn/2.1.0:
    resolution: {integrity: sha1-ftLCzMyvhNP/y3pptXcR/CCDQBs=}
    engines: {node: '>=6'}
    dev: true

  /mrmime/1.0.1:
    resolution: {integrity: sha1-X5DIJfrUvdQdyRTv9dGoz9ryTyc=}
    engines: {node: '>=10'}
    dev: true

  /ms/2.1.2:
    resolution: {integrity: sha1-0J0fNXtEP0kzgqjrPM0YOHKuYAk=}
    dev: true

  /nanoid/3.3.6:
    resolution: {integrity: sha1-RDOAyFbW6fmCQmfZYLQjatWD6kw=}
    engines: {node: ^10 || ^12 || ^13.7 || ^14 || >=15.0.1}
    hasBin: true
    dev: true

  /node-fetch-native/1.1.0:
    resolution: {integrity: sha1-pTD1xMrbSbOC3Pgdj18Z7Q9Ff74=}
    dev: true

  /node-releases/2.0.10:
    resolution: {integrity: sha1-wxHrrjtqFIyJsYE/18TTwCTvU38=}
    dev: true

  /normalize-path/3.0.0:
    resolution: {integrity: sha1-Dc1p/yOhybEf0JeDFmRKA4ghamU=}
    engines: {node: '>=0.10.0'}
    dev: true

  /npm-run-path/4.0.1:
    resolution: {integrity: sha1-t+zR5e1T2o43pV4cImnguX7XSOo=}
    engines: {node: '>=8'}
    dependencies:
      path-key: 3.1.1
    dev: true

  /ofetch/1.0.1:
    resolution: {integrity: sha1-aLQQ1ElON/pnuZ6aYBcq5EeyxEw=}
    dependencies:
      destr: 1.2.2
      node-fetch-native: 1.1.0
      ufo: 1.1.1
    dev: true

  /onetime/5.1.2:
    resolution: {integrity: sha1-0Oluu1awdHbfHdnEgG5SN5hcpF4=}
    engines: {node: '>=6'}
    dependencies:
      mimic-fn: 2.1.0
    dev: true

  /p-limit/3.1.0:
    resolution: {integrity: sha1-4drMvnjQ0TiMoYxk/qOOPlfjcGs=}
    engines: {node: '>=10'}
    dependencies:
      yocto-queue: 0.1.0
    dev: true

  /p-locate/5.0.0:
    resolution: {integrity: sha1-g8gxXGeFAF470CGDlBHJ4RDm2DQ=}
    engines: {node: '>=10'}
    dependencies:
      p-limit: 3.1.0
    dev: true

  /path-exists/4.0.0:
    resolution: {integrity: sha1-UTvb4tO5XXdi6METfvoZXGxhtbM=}
    engines: {node: '>=8'}
    dev: true

  /path-key/3.1.1:
    resolution: {integrity: sha1-WB9q3mWMu6ZaDTOA3ndTKVBU83U=}
    engines: {node: '>=8'}
    dev: true

  /path-parse/1.0.7:
    resolution: {integrity: sha1-+8EUtgykKzDZ2vWFjkvWi77bZzU=}
    dev: true

  /pathe/1.1.0:
    resolution: {integrity: sha1-4uE/bGKzGjKJr0uhmIbCMPKV7AM=}
    dev: true

  /perfect-debounce/0.1.3:
    resolution: {integrity: sha1-/2eY6lQ6O6Hw7+6vl8A0D1yIcc4=}
    dev: true

  /picocolors/1.0.0:
    resolution: {integrity: sha1-y1vcdP8/UYkiNur3nWi8RFZKuBw=}
    dev: true

  /picomatch/2.3.1:
    resolution: {integrity: sha1-O6ODNzNkbZ0+SZWUbBNlpn+wekI=}
    engines: {node: '>=8.6'}
    dev: true

  /postcss/8.4.21:
    resolution: {integrity: sha1-xjm3GaV+/DGHsToddlZ1SF9BNPQ=}
    engines: {node: ^10 || ^12 || >=14}
    dependencies:
      nanoid: 3.3.6
      picocolors: 1.0.0
      source-map-js: 1.0.2
    dev: true

  /queue-microtask/1.2.3:
    resolution: {integrity: sha1-SSkii7xyTfrEPg77BYyve2z7YkM=}
    dev: true

  /readdirp/3.6.0:
    resolution: {integrity: sha1-dKNwvYVxFuJFspzJc0DNQxoCpsc=}
    engines: {node: '>=8.10.0'}
    dependencies:
      picomatch: 2.3.1
    dev: true

  /resolve/1.22.2:
    resolution: {integrity: sha1-DtCUPU4wGGeVV2bJ8+GubQHGhF8=}
    hasBin: true
    dependencies:
      is-core-module: 2.11.0
      path-parse: 1.0.7
      supports-preserve-symlinks-flag: 1.0.0
    dev: true

  /reusify/1.0.4:
    resolution: {integrity: sha1-kNo4Kx4SbvwCFG6QhFqI2xKSXXY=}
    engines: {iojs: '>=1.0.0', node: '>=0.10.0'}
    dev: true

  /rollup/3.20.2:
    resolution: {integrity: sha1-95jGADF/IW3i5K2fTZqzCom2kP8=}
    engines: {node: '>=14.18.0', npm: '>=8.0.0'}
    hasBin: true
    optionalDependencies:
      fsevents: 2.3.2
    dev: true

  /run-parallel/1.2.0:
    resolution: {integrity: sha1-ZtE2jae9+SHrnZW9GpIp5/IaQ+4=}
    dependencies:
      queue-microtask: 1.2.3
    dev: true

  /semver/6.3.0:
    resolution: {integrity: sha1-7gpkyK9ejO6mdoexM3YeG+y9HT0=}
    hasBin: true
    dev: true

  /seroval/0.5.1:
    resolution: {integrity: sha1-5tFzZc2qrn5QgVx+C81xAvrNrfM=}
    engines: {node: '>=10'}

  /shebang-command/2.0.0:
    resolution: {integrity: sha1-zNCvT4g1+9wmW4JGGq8MNmY/NOo=}
    engines: {node: '>=8'}
    dependencies:
      shebang-regex: 3.0.0
    dev: true

  /shebang-regex/3.0.0:
    resolution: {integrity: sha1-rhbxZE2HPsrYQ7AwexQzYtTEIXI=}
    engines: {node: '>=8'}
    dev: true

  /signal-exit/3.0.7:
    resolution: {integrity: sha1-qaF2f4r4QVURTqq9c/mSc8j1mtk=}
    dev: true

  /sirv/2.0.2:
    resolution: {integrity: sha1-EouaYo13VoE5z/hXA61Ul8RqR2A=}
    engines: {node: '>= 10'}
    dependencies:
      '@polka/url': 1.0.0-next.21
      mrmime: 1.0.1
      totalist: 3.0.1
    dev: true

  /solid-js/1.7.3:
    resolution: {integrity: sha1-Pi4s5/JBUzb1yWZo+VJK1R9qcYs=}
    dependencies:
      csstype: 3.1.2
      seroval: 0.5.1

  /solid-refresh/0.5.2_solid-js@1.7.3:
    resolution: {integrity: sha1-2IftRyDk9wC0M/WSi/22duYeoVE=}
    peerDependencies:
      solid-js: ^1.3
    dependencies:
      '@babel/generator': 7.21.4
      '@babel/helper-module-imports': 7.21.4
      '@babel/types': 7.21.4
      solid-js: 1.7.3
    dev: true

  /source-map-js/1.0.2:
    resolution: {integrity: sha1-rbw2HZxi3zgBJefxYfccgm8eSQw=}
    engines: {node: '>=0.10.0'}
    dev: true

  /strip-final-newline/2.0.0:
    resolution: {integrity: sha1-ibhS+y/L6Tb29LMYevsKEsGrWK0=}
    engines: {node: '>=6'}
    dev: true

  /supports-color/5.5.0:
    resolution: {integrity: sha1-4uaaRKyHcveKHsCzW2id9lMO/I8=}
    engines: {node: '>=4'}
    dependencies:
      has-flag: 3.0.0
    dev: true

  /supports-preserve-symlinks-flag/1.0.0:
    resolution: {integrity: sha1-btpL00SjyUrqN21MwxvHcxEDngk=}
    engines: {node: '>= 0.4'}
    dev: true

  /to-fast-properties/2.0.0:
    resolution: {integrity: sha1-3F5pjL0HkmW8c+A3doGk5Og/YW4=}
    engines: {node: '>=4'}
    dev: true

  /to-regex-range/5.0.1:
    resolution: {integrity: sha1-FkjESq58jZiKMmAY7XL1tN0DkuQ=}
    engines: {node: '>=8.0'}
    dependencies:
      is-number: 7.0.0
    dev: true

  /totalist/3.0.1:
    resolution: {integrity: sha1-ujo9YAyRWxqXhyNI95wSdHX2rPg=}
    engines: {node: '>=6'}
    dev: true

  /typescript/4.9.5:
    resolution: {integrity: sha1-CVl5+bzA0J2jJNWNA86Pg3TL5lo=}
    engines: {node: '>=4.2.0'}
    hasBin: true
    dev: true

  /ufo/1.1.1:
    resolution: {integrity: sha1-5wJl5xUvOrpCW9AT0VCyzfQFbXw=}
    dev: true

  /unconfig/0.3.7:
    resolution: {integrity: sha1-sYuG4wM9QBY4fHuYzG39xtRntcA=}
    dependencies:
      '@antfu/utils': 0.5.2
      defu: 6.1.2
      jiti: 1.18.2
    dev: true

  /unocss/0.50.7_vite@4.2.1:
    resolution: {integrity: sha1-C10rhgrTWAtypUKrgw/AmEgRR00=}
    engines: {node: '>=14'}
    peerDependencies:
      '@unocss/webpack': 0.50.7
    peerDependenciesMeta:
      '@unocss/webpack':
        optional: true
    dependencies:
      '@unocss/astro': 0.50.7_vite@4.2.1
      '@unocss/cli': 0.50.7
      '@unocss/core': 0.50.7
      '@unocss/postcss': 0.50.7
      '@unocss/preset-attributify': 0.50.7
      '@unocss/preset-icons': 0.50.7
      '@unocss/preset-mini': 0.50.7
      '@unocss/preset-tagify': 0.50.7
      '@unocss/preset-typography': 0.50.7
      '@unocss/preset-uno': 0.50.7
      '@unocss/preset-web-fonts': 0.50.7
      '@unocss/preset-wind': 0.50.7
      '@unocss/reset': 0.50.7
      '@unocss/transformer-attributify-jsx': 0.50.7
      '@unocss/transformer-compile-class': 0.50.7
      '@unocss/transformer-directives': 0.50.7
      '@unocss/transformer-variant-group': 0.50.7
      '@unocss/vite': 0.50.7_vite@4.2.1
    transitivePeerDependencies:
      - rollup
      - supports-color
      - vite
    dev: true

  /update-browserslist-db/1.0.10_browserslist@4.21.5:
    resolution: {integrity: sha1-D1S4dlRXJvF9AM2aJWHm2t6UP/M=}
    hasBin: true
    peerDependencies:
      browserslist: '>= 4.21.0'
    dependencies:
      browserslist: 4.21.5
      escalade: 3.1.1
      picocolors: 1.0.0
    dev: true

  /validate-html-nesting/1.2.1:
    resolution: {integrity: sha1-vI+xUnvkCOxKDCVLJRRiq6JCP2g=}
    dev: true

  /vite-plugin-solid/2.7.0_solid-js@1.7.3+vite@4.2.1:
    resolution: {integrity: sha1-RN6RM18w393X9fWacBkCCGD8ui4=}
    peerDependencies:
      solid-js: ^1.7.2
      vite: ^3.0.0 || ^4.0.0
    dependencies:
      '@babel/core': 7.21.4
      '@babel/preset-typescript': 7.21.4_@babel+core@7.21.4
      '@types/babel__core': 7.20.0
      babel-preset-solid: 1.7.3_@babel+core@7.21.4
      merge-anything: 5.1.4
      solid-js: 1.7.3
      solid-refresh: 0.5.2_solid-js@1.7.3
      vite: 4.2.1_@types+node@18.15.11
      vitefu: 0.2.4_vite@4.2.1
    transitivePeerDependencies:
      - supports-color
    dev: true

  /vite/4.2.1_@types+node@18.15.11:
    resolution: {integrity: sha1-bC6zN7Df2Aqd7VkiFjuUlJ1/wlQ=}
    engines: {node: ^14.18.0 || >=16.0.0}
    hasBin: true
    peerDependencies:
      '@types/node': '>= 14'
      less: '*'
      sass: '*'
      stylus: '*'
      sugarss: '*'
      terser: ^5.4.0
    peerDependenciesMeta:
      '@types/node':
        optional: true
      less:
        optional: true
      sass:
        optional: true
      stylus:
        optional: true
      sugarss:
        optional: true
      terser:
        optional: true
    dependencies:
      '@types/node': 18.15.11
      esbuild: 0.17.15
      postcss: 8.4.21
      resolve: 1.22.2
      rollup: 3.20.2
    optionalDependencies:
      fsevents: 2.3.2
    dev: true

  /vitefu/0.2.4_vite@4.2.1:
    resolution: {integrity: sha1-IS3BqdAlSv5l5Xk1G+1OJdgeCzU=}
    peerDependencies:
      vite: ^3.0.0 || ^4.0.0
    peerDependenciesMeta:
      vite:
        optional: true
    dependencies:
      vite: 4.2.1_@types+node@18.15.11
    dev: true

  /which/2.0.2:
    resolution: {integrity: sha1-fGqN0KY2oDJ+ELWckobu6T8/UbE=}
    engines: {node: '>= 8'}
    hasBin: true
    dependencies:
      isexe: 2.0.0
    dev: true

  /yallist/3.1.1:
    resolution: {integrity: sha1-27fa+b/YusmrRev2ArjLrQ1dCP0=}
    dev: true

  /yocto-queue/0.1.0:
    resolution: {integrity: sha1-ApTrPe4FAo0x7hpfosVWpqrxChs=}
    engines: {node: '>=10'}
    dev: true
